// !$*UTF8*$!
{
	archiveVersion = 1;
	classes = {
	};
	objectVersion = 51;
	objects = {

/* Begin PBXBuildFile section */
		141425602637490400DC9735 /* AppDelegate.swift in Sources */ = {isa = PBXBuildFile; fileRef = 1414255F2637490400DC9735 /* AppDelegate.swift */; };
		141425622637490400DC9735 /* SceneDelegate.swift in Sources */ = {isa = PBXBuildFile; fileRef = 141425612637490400DC9735 /* SceneDelegate.swift */; };
		141425642637490400DC9735 /* ViewController.swift in Sources */ = {isa = PBXBuildFile; fileRef = 141425632637490400DC9735 /* ViewController.swift */; };
		141425672637490400DC9735 /* Main.storyboard in Resources */ = {isa = PBXBuildFile; fileRef = 141425652637490400DC9735 /* Main.storyboard */; };
		141425692637490700DC9735 /* Assets.xcassets in Resources */ = {isa = PBXBuildFile; fileRef = 141425682637490700DC9735 /* Assets.xcassets */; };
		1414256C2637490700DC9735 /* LaunchScreen.storyboard in Resources */ = {isa = PBXBuildFile; fileRef = 1414256A2637490700DC9735 /* LaunchScreen.storyboard */; };
		1414257D26374E9E00DC9735 /* Animation.swift in Sources */ = {isa = PBXBuildFile; fileRef = 1414257C26374E9E00DC9735 /* Animation.swift */; };
		141425822637525B00DC9735 /* DataManager.swift in Sources */ = {isa = PBXBuildFile; fileRef = 141425812637525B00DC9735 /* DataManager.swift */; };
		F0883BE2F9DA35580C602622 /* Pods_AnimationHW.framework in Frameworks */ = {isa = PBXBuildFile; fileRef = C7C763F34E208285104C54A2 /* Pods_AnimationHW.framework */; };
/* End PBXBuildFile section */

/* Begin PBXFileReference section */
		1414255C2637490400DC9735 /* AnimationHW.app */ = {isa = PBXFileReference; explicitFileType = wrapper.application; includeInIndex = 0; path = AnimationHW.app; sourceTree = BUILT_PRODUCTS_DIR; };
		1414255F2637490400DC9735 /* AppDelegate.swift */ = {isa = PBXFileReference; lastKnownFileType = sourcecode.swift; path = AppDelegate.swift; sourceTree = "<group>"; };
		141425612637490400DC9735 /* SceneDelegate.swift */ = {isa = PBXFileReference; lastKnownFileType = sourcecode.swift; path = SceneDelegate.swift; sourceTree = "<group>"; };
		141425632637490400DC9735 /* ViewController.swift */ = {isa = PBXFileReference; lastKnownFileType = sourcecode.swift; path = ViewController.swift; sourceTree = "<group>"; };
		141425662637490400DC9735 /* Base */ = {isa = PBXFileReference; lastKnownFileType = file.storyboard; name = Base; path = Base.lproj/Main.storyboard; sourceTree = "<group>"; };
		141425682637490700DC9735 /* Assets.xcassets */ = {isa = PBXFileReference; lastKnownFileType = folder.assetcatalog; path = Assets.xcassets; sourceTree = "<group>"; };
		1414256B2637490700DC9735 /* Base */ = {isa = PBXFileReference; lastKnownFileType = file.storyboard; name = Base; path = Base.lproj/LaunchScreen.storyboard; sourceTree = "<group>"; };
		1414256D2637490700DC9735 /* Info.plist */ = {isa = PBXFileReference; lastKnownFileType = text.plist.xml; path = Info.plist; sourceTree = "<group>"; };
		1414257C26374E9E00DC9735 /* Animation.swift */ = {isa = PBXFileReference; lastKnownFileType = sourcecode.swift; path = Animation.swift; sourceTree = "<group>"; };
		141425812637525B00DC9735 /* DataManager.swift */ = {isa = PBXFileReference; lastKnownFileType = sourcecode.swift; path = DataManager.swift; sourceTree = "<group>"; };
		6847AF9FF34762CF6F20B4A7 /* Pods-AnimationHW.release.xcconfig */ = {isa = PBXFileReference; includeInIndex = 1; lastKnownFileType = text.xcconfig; name = "Pods-AnimationHW.release.xcconfig"; path = "Target Support Files/Pods-AnimationHW/Pods-AnimationHW.release.xcconfig"; sourceTree = "<group>"; };
		A62D940394D7441762E818E4 /* Pods-AnimationHW.debug.xcconfig */ = {isa = PBXFileReference; includeInIndex = 1; lastKnownFileType = text.xcconfig; name = "Pods-AnimationHW.debug.xcconfig"; path = "Target Support Files/Pods-AnimationHW/Pods-AnimationHW.debug.xcconfig"; sourceTree = "<group>"; };
		C7C763F34E208285104C54A2 /* Pods_AnimationHW.framework */ = {isa = PBXFileReference; explicitFileType = wrapper.framework; includeInIndex = 0; path = Pods_AnimationHW.framework; sourceTree = BUILT_PRODUCTS_DIR; };
/* End PBXFileReference section */

/* Begin PBXFrameworksBuildPhase section */
		141425592637490400DC9735 /* Frameworks */ = {
			isa = PBXFrameworksBuildPhase;
			buildActionMask = 2147483647;
			files = (
				F0883BE2F9DA35580C602622 /* Pods_AnimationHW.framework in Frameworks */,
			);
			runOnlyForDeploymentPostprocessing = 0;
		};
/* End PBXFrameworksBuildPhase section */

/* Begin PBXGroup section */
		12124E77481542113BC1E57D /* Pods */ = {
			isa = PBXGroup;
			children = (
				A62D940394D7441762E818E4 /* Pods-AnimationHW.debug.xcconfig */,
				6847AF9FF34762CF6F20B4A7 /* Pods-AnimationHW.release.xcconfig */,
			);
			path = Pods;
			sourceTree = "<group>";
		};
		141425532637490400DC9735 = {
			isa = PBXGroup;
			children = (
				1414255E2637490400DC9735 /* AnimationHW */,
				1414255D2637490400DC9735 /* Products */,
				12124E77481542113BC1E57D /* Pods */,
				BD420EEB1DD573071B285FFE /* Frameworks */,
			);
			sourceTree = "<group>";
		};
		1414255D2637490400DC9735 /* Products */ = {
			isa = PBXGroup;
			children = (
				1414255C2637490400DC9735 /* AnimationHW.app */,
			);
			name = Products;
			sourceTree = "<group>";
		};
		1414255E2637490400DC9735 /* AnimationHW */ = {
			isa = PBXGroup;
			children = (
				1414255F2637490400DC9735 /* AppDelegate.swift */,
				141425612637490400DC9735 /* SceneDelegate.swift */,
				141425992639DB5400DC9735 /* Controllers */,
				141425652637490400DC9735 /* Main.storyboard */,
				141425842637526200DC9735 /* Managers */,
				1414257F26374EA800DC9735 /* Models */,
				141425682637490700DC9735 /* Assets.xcassets */,
				1414256A2637490700DC9735 /* LaunchScreen.storyboard */,
				1414256D2637490700DC9735 /* Info.plist */,
			);
			path = AnimationHW;
			sourceTree = "<group>";
		};
		1414257F26374EA800DC9735 /* Models */ = {
			isa = PBXGroup;
			children = (
				1414257C26374E9E00DC9735 /* Animation.swift */,
			);
			path = Models;
			sourceTree = "<group>";
		};
		141425842637526200DC9735 /* Managers */ = {
			isa = PBXGroup;
			children = (
				141425812637525B00DC9735 /* DataManager.swift */,
			);
			path = Managers;
			sourceTree = "<group>";
		};
		141425992639DB5400DC9735 /* Controllers */ = {
			isa = PBXGroup;
			children = (
				141425632637490400DC9735 /* ViewController.swift */,
			);
			path = Controllers;
			sourceTree = "<group>";
		};
		BD420EEB1DD573071B285FFE /* Frameworks */ = {
			isa = PBXGroup;
			children = (
				C7C763F34E208285104C54A2 /* Pods_AnimationHW.framework */,
			);
			name = Frameworks;
			sourceTree = "<group>";
		};
/* End PBXGroup section */

/* Begin PBXNativeTarget section */
		1414255B2637490400DC9735 /* AnimationHW */ = {
			isa = PBXNativeTarget;
			buildConfigurationList = 141425702637490700DC9735 /* Build configuration list for PBXNativeTarget "AnimationHW" */;
			buildPhases = (
				634452D4CA3A5C71F7596ED7 /* [CP] Check Pods Manifest.lock */,
				141425582637490400DC9735 /* Sources */,
				141425592637490400DC9735 /* Frameworks */,
				1414255A2637490400DC9735 /* Resources */,
				8F0BF4D5941738F0A009942B /* [CP] Embed Pods Frameworks */,
			);
			buildRules = (
			);
			dependencies = (
			);
			name = AnimationHW;
			productName = AnimationHW;
			productReference = 1414255C2637490400DC9735 /* AnimationHW.app */;
			productType = "com.apple.product-type.application";
		};
/* End PBXNativeTarget section */

/* Begin PBXProject section */
		141425542637490400DC9735 /* Project object */ = {
			isa = PBXProject;
			attributes = {
				LastSwiftUpdateCheck = 1240;
				LastUpgradeCheck = 1240;
				TargetAttributes = {
					1414255B2637490400DC9735 = {
						CreatedOnToolsVersion = 12.4;
					};
				};
			};
			buildConfigurationList = 141425572637490400DC9735 /* Build configuration list for PBXProject "AnimationHW" */;
			compatibilityVersion = "Xcode 9.3";
			developmentRegion = en;
			hasScannedForEncodings = 0;
			knownRegions = (
				en,
				Base,
			);
			mainGroup = 141425532637490400DC9735;
			productRefGroup = 1414255D2637490400DC9735 /* Products */;
			projectDirPath = "";
			projectRoot = "";
			targets = (
				1414255B2637490400DC9735 /* AnimationHW */,
			);
		};
/* End PBXProject section */

/* Begin PBXResourcesBuildPhase section */
		1414255A2637490400DC9735 /* Resources */ = {
			isa = PBXResourcesBuildPhase;
			buildActionMask = 2147483647;
			files = (
				1414256C2637490700DC9735 /* LaunchScreen.storyboard in Resources */,
				141425692637490700DC9735 /* Assets.xcassets in Resources */,
				141425672637490400DC9735 /* Main.storyboard in Resources */,
			);
			runOnlyForDeploymentPostprocessing = 0;
		};
/* End PBXResourcesBuildPhase section */

/* Begin PBXShellScriptBuildPhase section */
		634452D4CA3A5C71F7596ED7 /* [CP] Check Pods Manifest.lock */ = {
			isa = PBXShellScriptBuildPhase;
			buildActionMask = 2147483647;
			files = (
			);
			inputFileListPaths = (
			);
			inputPaths = (
				"${PODS_PODFILE_DIR_PATH}/Podfile.lock",
				"${PODS_ROOT}/Manifest.lock",
			);
			name = "[CP] Check Pods Manifest.lock";
			outputFileListPaths = (
			);
			outputPaths = (
				"$(DERIVED_FILE_DIR)/Pods-AnimationHW-checkManifestLockResult.txt",
			);
			runOnlyForDeploymentPostprocessing = 0;
			shellPath = /bin/sh;
			shellScript = "diff \"${PODS_PODFILE_DIR_PATH}/Podfile.lock\" \"${PODS_ROOT}/Manifest.lock\" > /dev/null\nif [ $? != 0 ] ; then\n    # print error to STDERR\n    echo \"error: The sandbox is not in sync with the Podfile.lock. Run 'pod install' or update your CocoaPods installation.\" >&2\n    exit 1\nfi\n# This output is used by Xcode 'outputs' to avoid re-running this script phase.\necho \"SUCCESS\" > \"${SCRIPT_OUTPUT_FILE_0}\"\n";
			showEnvVarsInLog = 0;
		};
		8F0BF4D5941738F0A009942B /* [CP] Embed Pods Frameworks */ = {
			isa = PBXShellScriptBuildPhase;
			buildActionMask = 2147483647;
			files = (
			);
			inputFileListPaths = (
				"${PODS_ROOT}/Target Support Files/Pods-AnimationHW/Pods-AnimationHW-frameworks-${CONFIGURATION}-input-files.xcfilelist",
			);
			name = "[CP] Embed Pods Frameworks";
			outputFileListPaths = (
				"${PODS_ROOT}/Target Support Files/Pods-AnimationHW/Pods-AnimationHW-frameworks-${CONFIGURATION}-output-files.xcfilelist",
			);
			runOnlyForDeploymentPostprocessing = 0;
			shellPath = /bin/sh;
			shellScript = "\"${PODS_ROOT}/Target Support Files/Pods-AnimationHW/Pods-AnimationHW-frameworks.sh\"\n";
			showEnvVarsInLog = 0;
		};
/* End PBXShellScriptBuildPhase section */

/* Begin PBXSourcesBuildPhase section */
		141425582637490400DC9735 /* Sources */ = {
			isa = PBXSourcesBuildPhase;
			buildActionMask = 2147483647;
			files = (
				141425642637490400DC9735 /* ViewController.swift in Sources */,
				141425822637525B00DC9735 /* DataManager.swift in Sources */,
				141425602637490400DC9735 /* AppDelegate.swift in Sources */,
				1414257D26374E9E00DC9735 /* Animation.swift in Sources */,
				141425622637490400DC9735 /* SceneDelegate.swift in Sources */,
			);
			runOnlyForDeploymentPostprocessing = 0;
		};
/* End PBXSourcesBuildPhase section */

/* Begin PBXVariantGroup section */
		141425652637490400DC9735 /* Main.storyboard */ = {
			isa = PBXVariantGroup;
			children = (
				141425662637490400DC9735 /* Base */,
			);
			name = Main.storyboard;
			sourceTree = "<group>";
		};
		1414256A2637490700DC9735 /* LaunchScreen.storyboard */ = {
			isa = PBXVariantGroup;
			children = (
				1414256B2637490700DC9735 /* Base */,
			);
			name = LaunchScreen.storyboard;
			sourceTree = "<group>";
		};
/* End PBXVariantGroup section */

/* Begin XCBuildConfiguration section */
		1414256E2637490700DC9735 /* Debug */ = {
			isa = XCBuildConfiguration;
			buildSettings = {
				ALWAYS_SEARCH_USER_PATHS = NO;
				CLANG_ANALYZER_NONNULL = YES;
				CLANG_ANALYZER_NUMBER_OBJECT_CONVERSION = YES_AGGRESSIVE;
				CLANG_CXX_LANGUAGE_STANDARD = "gnu++14";
				CLANG_CXX_LIBRARY = "libc++";
				CLANG_ENABLE_MODULES = YES;
				CLANG_ENABLE_OBJC_ARC = YES;
				CLANG_ENABLE_OBJC_WEAK = YES;
				CLANG_WARN_BLOCK_CAPTURE_AUTORELEASING = YES;
				CLANG_WARN_BOOL_CONVERSION = YES;
				CLANG_WARN_COMMA = YES;
				CLANG_WARN_CONSTANT_CONVERSION = YES;
				CLANG_WARN_DEPRECATED_OBJC_IMPLEMENTATIONS = YES;
				CLANG_WARN_DIRECT_OBJC_ISA_USAGE = YES_ERROR;
				CLANG_WARN_DOCUMENTATION_COMMENTS = YES;
				CLANG_WARN_EMPTY_BODY = YES;
				CLANG_WARN_ENUM_CONVERSION = YES;
				CLANG_WARN_INFINITE_RECURSION = YES;
				CLANG_WARN_INT_CONVERSION = YES;
				CLANG_WARN_NON_LITERAL_NULL_CONVERSION = YES;
				CLANG_WARN_OBJC_IMPLICIT_RETAIN_SELF = YES;
				CLANG_WARN_OBJC_LITERAL_CONVERSION = YES;
				CLANG_WARN_OBJC_ROOT_CLASS = YES_ERROR;
				CLANG_WARN_QUOTED_INCLUDE_IN_FRAMEWORK_HEADER = YES;
				CLANG_WARN_RANGE_LOOP_ANALYSIS = YES;
				CLANG_WARN_STRICT_PROTOTYPES = YES;
				CLANG_WARN_SUSPICIOUS_MOVE = YES;
				CLANG_WARN_UNGUARDED_AVAILABILITY = YES_AGGRESSIVE;
				CLANG_WARN_UNREACHABLE_CODE = YES;
				CLANG_WARN__DUPLICATE_METHOD_MATCH = YES;
				COPY_PHASE_STRIP = NO;
				DEBUG_INFORMATION_FORMAT = dwarf;
				ENABLE_STRICT_OBJC_MSGSEND = YES;
				ENABLE_TESTABILITY = YES;
				GCC_C_LANGUAGE_STANDARD = gnu11;
				GCC_DYNAMIC_NO_PIC = NO;
				GCC_NO_COMMON_BLOCKS = YES;
				GCC_OPTIMIZATION_LEVEL = 0;
				GCC_PREPROCESSOR_DEFINITIONS = (
					"DEBUG=1",
					"$(inherited)",
				);
				GCC_WARN_64_TO_32_BIT_CONVERSION = YES;
				GCC_WARN_ABOUT_RETURN_TYPE = YES_ERROR;
				GCC_WARN_UNDECLARED_SELECTOR = YES;
				GCC_WARN_UNINITIALIZED_AUTOS = YES_AGGRESSIVE;
				GCC_WARN_UNUSED_FUNCTION = YES;
				GCC_WARN_UNUSED_VARIABLE = YES;
				IPHONEOS_DEPLOYMENT_TARGET = 14.4;
				MTL_ENABLE_DEBUG_INFO = INCLUDE_SOURCE;
				MTL_FAST_MATH = YES;
				ONLY_ACTIVE_ARCH = YES;
				SDKROOT = iphoneos;
				SWIFT_ACTIVE_COMPILATION_CONDITIONS = DEBUG;
				SWIFT_OPTIMIZATION_LEVEL = "-Onone";
			};
			name = Debug;
		};
		1414256F2637490700DC9735 /* Release */ = {
			isa = XCBuildConfiguration;
			buildSettings = {
				ALWAYS_SEARCH_USER_PATHS = NO;
				CLANG_ANALYZER_NONNULL = YES;
				CLANG_ANALYZER_NUMBER_OBJECT_CONVERSION = YES_AGGRESSIVE;
				CLANG_CXX_LANGUAGE_STANDARD = "gnu++14";
				CLANG_CXX_LIBRARY = "libc++";
				CLANG_ENABLE_MODULES = YES;
				CLANG_ENABLE_OBJC_ARC = YES;
				CLANG_ENABLE_OBJC_WEAK = YES;
				CLANG_WARN_BLOCK_CAPTURE_AUTORELEASING = YES;
				CLANG_WARN_BOOL_CONVERSION = YES;
				CLANG_WARN_COMMA = YES;
				CLANG_WARN_CONSTANT_CONVERSION = YES;
				CLANG_WARN_DEPRECATED_OBJC_IMPLEMENTATIONS = YES;
				CLANG_WARN_DIRECT_OBJC_ISA_USAGE = YES_ERROR;
				CLANG_WARN_DOCUMENTATION_COMMENTS = YES;
				CLANG_WARN_EMPTY_BODY = YES;
				CLANG_WARN_ENUM_CONVERSION = YES;
				CLANG_WARN_INFINITE_RECURSION = YES;
				CLANG_WARN_INT_CONVERSION = YES;
				CLANG_WARN_NON_LITERAL_NULL_CONVERSION = YES;
				CLANG_WARN_OBJC_IMPLICIT_RETAIN_SELF = YES;
				CLANG_WARN_OBJC_LITERAL_CONVERSION = YES;
				CLANG_WARN_OBJC_ROOT_CLASS = YES_ERROR;
				CLANG_WARN_QUOTED_INCLUDE_IN_FRAMEWORK_HEADER = YES;
				CLANG_WARN_RANGE_LOOP_ANALYSIS = YES;
				CLANG_WARN_STRICT_PROTOTYPES = YES;
				CLANG_WARN_SUSPICIOUS_MOVE = YES;
				CLANG_WARN_UNGUARDED_AVAILABILITY = YES_AGGRESSIVE;
				CLANG_WARN_UNREACHABLE_CODE = YES;
				CLANG_WARN__DUPLICATE_METHOD_MATCH = YES;
				COPY_PHASE_STRIP = NO;
				DEBUG_INFORMATION_FORMAT = "dwarf-with-dsym";
				ENABLE_NS_ASSERTIONS = NO;
				ENABLE_STRICT_OBJC_MSGSEND = YES;
				GCC_C_LANGUAGE_STANDARD = gnu11;
				GCC_NO_COMMON_BLOCKS = YES;
				GCC_WARN_64_TO_32_BIT_CONVERSION = YES;
				GCC_WARN_ABOUT_RETURN_TYPE = YES_ERROR;
				GCC_WARN_UNDECLARED_SELECTOR = YES;
				GCC_WARN_UNINITIALIZED_AUTOS = YES_AGGRESSIVE;
				GCC_WARN_UNUSED_FUNCTION = YES;
				GCC_WARN_UNUSED_VARIABLE = YES;
				IPHONEOS_DEPLOYMENT_TARGET = 14.4;
				MTL_ENABLE_DEBUG_INFO = NO;
				MTL_FAST_MATH = YES;
				SDKROOT = iphoneos;
				SWIFT_COMPILATION_MODE = wholemodule;
				SWIFT_OPTIMIZATION_LEVEL = "-O";
				VALIDATE_PRODUCT = YES;
			};
			name = Release;
		};
		141425712637490700DC9735 /* Debug */ = {
			isa = XCBuildConfiguration;
			baseConfigurationReference = A62D940394D7441762E818E4 /* Pods-AnimationHW.debug.xcconfig */;
			buildSettings = {
				ASSETCATALOG_COMPILER_APPICON_NAME = AppIcon;
				ASSETCATALOG_COMPILER_GLOBAL_ACCENT_COLOR_NAME = AccentColor;
				CODE_SIGN_STYLE = Automatic;
				DEVELOPMENT_TEAM = 7LV3CL7Z6S;
				INFOPLIST_FILE = AnimationHW/Info.plist;
				LD_RUNPATH_SEARCH_PATHS = (
					"$(inherited)",
					"@executable_path/Frameworks",
				);
				PRODUCT_BUNDLE_IDENTIFIER = Oransky.AnimationHW;
				PRODUCT_NAME = "$(TARGET_NAME)";
				SWIFT_VERSION = 5.0;
				TARGETED_DEVICE_FAMILY = "1,2";
			};
			name = Debug;
		};
		141425722637490700DC9735 /* Release */ = {
			isa = XCBuildConfiguration;
			baseConfigurationReference = 6847AF9FF34762CF6F20B4A7 /* Pods-AnimationHW.release.xcconfig */;
			buildSettings = {
				ASSETCATALOG_COMPILER_APPICON_NAME = AppIcon;
				ASSETCATALOG_COMPILER_GLOBAL_ACCENT_COLOR_NAME = AccentColor;
				CODE_SIGN_STYLE = Automatic;
				DEVELOPMENT_TEAM = 7LV3CL7Z6S;
				INFOPLIST_FILE = AnimationHW/Info.plist;
				LD_RUNPATH_SEARCH_PATHS = (
					"$(inherited)",
					"@executable_path/Frameworks",
				);
				PRODUCT_BUNDLE_IDENTIFIER = Oransky.AnimationHW;
				PRODUCT_NAME = "$(TARGET_NAME)";
				SWIFT_VERSION = 5.0;
				TARGETED_DEVICE_FAMILY = "1,2";
			};
			name = Release;
		};
/* End XCBuildConfiguration section */

/* Begin XCConfigurationList section */
		141425572637490400DC9735 /* Build configuration list for PBXProject "AnimationHW" */ = {
			isa = XCConfigurationList;
			buildConfigurations = (
				1414256E2637490700DC9735 /* Debug */,
				1414256F2637490700DC9735 /* Release */,
			);
			defaultConfigurationIsVisible = 0;
			defaultConfigurationName = Release;
		};
		141425702637490700DC9735 /* Build configuration list for PBXNativeTarget "AnimationHW" */ = {
			isa = XCConfigurationList;
			buildConfigurations = (
				141425712637490700DC9735 /* Debug */,
				141425722637490700DC9735 /* Release */,
			);
			defaultConfigurationIsVisible = 0;
			defaultConfigurationName = Release;
		};
/* End XCConfigurationList section */
	};
	rootObject = 141425542637490400DC9735 /* Project object */;
}
